NeoBundleLock molokai db8ce13b3737d3ddea8368498183d7c204a762eb
NeoBundleLock vim-indent-guides eec1b629dc4cfa3986d20f21d4b4489732cd3f5a
NeoBundleLock neobundle.vim a78bf2cc131667b98751e6e10d970b73ecaabcda
NeoBundleLock vim-colors-solarized 528a59f26d12278698bb946f8fb82a63711eec21
NeoBundleLock unite.vim 22e1307fb6664192d3a6f526291282b8368438ed
